{
  "name": "fie",
  "requires": true,
  "lockfileVersion": 1,
  "dependencies": {
    "diffhtml": {
      "version": "1.0.0-beta.9",
      "resolved": "https://registry.npmjs.org/diffhtml/-/diffhtml-1.0.0-beta.9.tgz",
      "integrity": "sha1-EFKTvaqDErB9gu0Fl1smctBLl0g="
    },
    "uglifyjs": {
      "version": "2.4.11",
      "resolved": "https://registry.npmjs.org/uglifyjs/-/uglifyjs-2.4.11.tgz",
      "integrity": "sha1-NEDWTgRXWViVJEGOtkHGi7kNET4="
    }
  }
}
